
Microsoft Visual Studio Solution File, Format Version 12.00
# Visual Studio Version 17
VisualStudioVersion = 17.4.33110.190
MinimumVisualStudioVersion = 10.0.40219.1
Project("{9A19103F-16F7-4668-BE54-9A1E7A4F7556}") = "App.Shared", "App.Shared\App.Shared.csproj", "{8F15802E-633B-42F2-8D32-D3EA55B6ADA5}"
EndProject
Project("{9A19103F-16F7-4668-BE54-9A1E7A4F7556}") = "App.DataAccess", "App.Data\App.DataAccess.csproj", "{5D650FF1-334C-4836-AF20-8EBBC8579477}"
EndProject
Project("{9A19103F-16F7-4668-BE54-9A1E7A4F7556}") = "App.Core", "App.Core\App.Core.csproj", "{BF30CA5A-5499-4FBC-A279-414D2027AFED}"
EndProject
Project("{9A19103F-16F7-4668-BE54-9A1E7A4F7556}") = "App.API", "App.API\App.API.csproj", "{075DB5AD-DF23-410D-88A4-2E682313A252}"
EndProject
Project("{9A19103F-16F7-4668-BE54-9A1E7A4F7556}") = "App.Application", "App.Application\App.Application.csproj", "{C360742D-E6C4-4EB6-8A06-0581EAADCF0F}"
EndProject
Global
	GlobalSection(SolutionConfigurationPlatforms) = preSolution
		Debug|Any CPU = Debug|Any CPU
		Release|Any CPU = Release|Any CPU
	EndGlobalSection
	GlobalSection(ProjectConfigurationPlatforms) = postSolution
		{8F15802E-633B-42F2-8D32-D3EA55B6ADA5}.Debug|Any CPU.ActiveCfg = Debug|Any CPU
		{8F15802E-633B-42F2-8D32-D3EA55B6ADA5}.Debug|Any CPU.Build.0 = Debug|Any CPU
		{8F15802E-633B-42F2-8D32-D3EA55B6ADA5}.Release|Any CPU.ActiveCfg = Release|Any CPU
		{8F15802E-633B-42F2-8D32-D3EA55B6ADA5}.Release|Any CPU.Build.0 = Release|Any CPU
		{5D650FF1-334C-4836-AF20-8EBBC8579477}.Debug|Any CPU.ActiveCfg = Debug|Any CPU
		{5D650FF1-334C-4836-AF20-8EBBC8579477}.Debug|Any CPU.Build.0 = Debug|Any CPU
		{5D650FF1-334C-4836-AF20-8EBBC8579477}.Release|Any CPU.ActiveCfg = Release|Any CPU
		{5D650FF1-334C-4836-AF20-8EBBC8579477}.Release|Any CPU.Build.0 = Release|Any CPU
		{BF30CA5A-5499-4FBC-A279-414D2027AFED}.Debug|Any CPU.ActiveCfg = Debug|Any CPU
		{BF30CA5A-5499-4FBC-A279-414D2027AFED}.Debug|Any CPU.Build.0 = Debug|Any CPU
		{BF30CA5A-5499-4FBC-A279-414D2027AFED}.Release|Any CPU.ActiveCfg = Release|Any CPU
		{BF30CA5A-5499-4FBC-A279-414D2027AFED}.Release|Any CPU.Build.0 = Release|Any CPU
		{075DB5AD-DF23-410D-88A4-2E682313A252}.Debug|Any CPU.ActiveCfg = Debug|Any CPU
		{075DB5AD-DF23-410D-88A4-2E682313A252}.Debug|Any CPU.Build.0 = Debug|Any CPU
		{075DB5AD-DF23-410D-88A4-2E682313A252}.Release|Any CPU.ActiveCfg = Release|Any CPU
		{075DB5AD-DF23-410D-88A4-2E682313A252}.Release|Any CPU.Build.0 = Release|Any CPU
		{C360742D-E6C4-4EB6-8A06-0581EAADCF0F}.Debug|Any CPU.ActiveCfg = Debug|Any CPU
		{C360742D-E6C4-4EB6-8A06-0581EAADCF0F}.Debug|Any CPU.Build.0 = Debug|Any CPU
		{C360742D-E6C4-4EB6-8A06-0581EAADCF0F}.Release|Any CPU.ActiveCfg = Release|Any CPU
		{C360742D-E6C4-4EB6-8A06-0581EAADCF0F}.Release|Any CPU.Build.0 = Release|Any CPU
	EndGlobalSection
	GlobalSection(SolutionProperties) = preSolution
		HideSolutionNode = FALSE
	EndGlobalSection
	GlobalSection(ExtensibilityGlobals) = postSolution
		SolutionGuid = {0A2AEE22-3CC4-4A67-8136-A92A4B6EC1A0}
	EndGlobalSection
EndGlobal
